
Microsoft Visual Studio Solution File, Format Version 12.00
# Visual Studio Version 17
VisualStudioVersion = 17.3.32825.248
MinimumVisualStudioVersion = 10.0.40219.1
Project("{FAE04EC0-301F-11D3-BF4B-00C04F79EFBC}") = "test", "test\test.csproj", "{121159E2-1582-4029-8CE4-E4A0E46CB6D7}"
EndProject
Global
	GlobalSection(SolutionConfigurationPlatforms) = preSolution
		Debug|Any CPU = Debug|Any CPU
		Release|Any CPU = Release|Any CPU
	EndGlobalSection
	GlobalSection(ProjectConfigurationPlatforms) = postSolution
		{121159E2-1582-4029-8CE4-E4A0E46CB6D7}.Debug|Any CPU.ActiveCfg = Debug|Any CPU
		{121159E2-1582-4029-8CE4-E4A0E46CB6D7}.Debug|Any CPU.Build.0 = Debug|Any CPU
		{121159E2-1582-4029-8CE4-E4A0E46CB6D7}.Release|Any CPU.ActiveCfg = Release|Any CPU
		{121159E2-1582-4029-8CE4-E4A0E46CB6D7}.Release|Any CPU.Build.0 = Release|Any CPU
	EndGlobalSection
	GlobalSection(SolutionProperties) = preSolution
		HideSolutionNode = FALSE
	EndGlobalSection
	GlobalSection(ExtensibilityGlobals) = postSolution
		SolutionGuid = {B95AD145-9671-45D7-88AA-090FF883A5F4}
	EndGlobalSection
EndGlobal
